
Microsoft Visual Studio Solution File, Format Version 12.00
# Visual Studio Version 17
VisualStudioVersion = 17.9.34728.123
MinimumVisualStudioVersion = 10.0.40219.1
Project("{FAE04EC0-301F-11D3-BF4B-00C04F79EFBC}") = "DeCodify", "DeCodify.csproj", "{80114414-99BE-45DC-9D20-64AF663FDC5A}"
EndProject
Project("{FAE04EC0-301F-11D3-BF4B-00C04F79EFBC}") = "DecompressionTests", "..\DecompressionTests\DecompressionTests.csproj", "{95FA7665-2ABE-433D-957A-985473D8AADE}"
EndProject
Global
	GlobalSection(SolutionConfigurationPlatforms) = preSolution
		Debug|Any CPU = Debug|Any CPU
		Release|Any CPU = Release|Any CPU
	EndGlobalSection
	GlobalSection(ProjectConfigurationPlatforms) = postSolution
		{80114414-99BE-45DC-9D20-64AF663FDC5A}.Debug|Any CPU.ActiveCfg = Debug|Any CPU
		{80114414-99BE-45DC-9D20-64AF663FDC5A}.Debug|Any CPU.Build.0 = Debug|Any CPU
		{80114414-99BE-45DC-9D20-64AF663FDC5A}.Release|Any CPU.ActiveCfg = Release|Any CPU
		{80114414-99BE-45DC-9D20-64AF663FDC5A}.Release|Any CPU.Build.0 = Release|Any CPU
		{95FA7665-2ABE-433D-957A-985473D8AADE}.Debug|Any CPU.ActiveCfg = Debug|Any CPU
		{95FA7665-2ABE-433D-957A-985473D8AADE}.Debug|Any CPU.Build.0 = Debug|Any CPU
		{95FA7665-2ABE-433D-957A-985473D8AADE}.Release|Any CPU.ActiveCfg = Release|Any CPU
		{95FA7665-2ABE-433D-957A-985473D8AADE}.Release|Any CPU.Build.0 = Release|Any CPU
	EndGlobalSection
	GlobalSection(SolutionProperties) = preSolution
		HideSolutionNode = FALSE
	EndGlobalSection
	GlobalSection(ExtensibilityGlobals) = postSolution
		SolutionGuid = {27980DFC-805D-4722-A350-2F6976B3D7E8}
	EndGlobalSection
EndGlobal
